{
  "version": 4,
  "terraform_version": "1.5.7",
  "serial": 55,
  "lineage": "4fcd2e8f-a70c-1466-f990-6068d5bd21d4",
  "outputs": {},
  "resources": [
    {
      "mode": "managed",
      "type": "helm_release",
      "name": "elasticsearch",
      "provider": "provider[\"registry.terraform.io/hashicorp/helm\"]",
      "instances": [
        {
          "status": "tainted",
          "schema_version": 1,
          "attributes": {
            "atomic": false,
            "chart": "elasticsearch",
            "cleanup_on_fail": false,
            "create_namespace": false,
            "dependency_update": false,
            "description": null,
            "devel": null,
            "disable_crd_hooks": false,
            "disable_openapi_validation": false,
            "disable_webhooks": false,
            "force_update": false,
            "id": "elasticsearch",
            "keyring": null,
            "lint": false,
            "manifest": null,
            "max_history": 0,
            "metadata": [
              {
                "app_version": "7.17.3",
                "chart": "elasticsearch",
                "first_deployed": 1744906523,
                "last_deployed": 1744906523,
                "name": "elasticsearch",
                "namespace": "default",
                "notes": "1. Watch all cluster members come up.\n  $ kubectl get pods --namespace=default -l app=elasticsearch-master -w2. Test cluster health using Helm test.\n  $ helm --namespace=default test elasticsearch",
                "revision": 1,
                "values": "{\"antiAffinity\":\"soft\",\"esJavaOpts\":\"-Xms512m -Xmx512m\",\"minimumMasterNodes\":1,\"replicas\":1,\"resources\":{\"limits\":{\"cpu\":\"1\",\"memory\":\"2Gi\"},\"requests\":{\"cpu\":\"500m\",\"memory\":\"1Gi\"}},\"volumeClaimTemplate\":{\"accessModes\":[\"ReadWriteOnce\"],\"resources\":{\"requests\":{\"storage\":\"2Gi\"}},\"storageClassName\":\"standard\"}}",
                "version": "7.17.3"
              }
            ],
            "name": "elasticsearch",
            "namespace": "default",
            "pass_credentials": false,
            "postrender": [],
            "recreate_pods": false,
            "render_subchart_notes": true,
            "replace": false,
            "repository": "https://helm.elastic.co",
            "repository_ca_file": null,
            "repository_cert_file": null,
            "repository_key_file": null,
            "repository_password": null,
            "repository_username": null,
            "reset_values": false,
            "reuse_values": false,
            "set": [],
            "set_list": [],
            "set_sensitive": [],
            "skip_crds": false,
            "status": "failed",
            "timeout": 600,
            "upgrade_install": null,
            "values": [
              "replicas: 1\nminimumMasterNodes: 1\nesJavaOpts: \"-Xms512m -Xmx512m\"\n\nantiAffinity: \"soft\"\n\nvolumeClaimTemplate:\n  accessModes: [ \"ReadWriteOnce\" ]\n  resources:\n    requests:\n      storage: 2Gi\n  storageClassName: standard\n\nresources:\n  requests:\n    memory: \"1Gi\"\n    cpu: \"500m\"\n  limits:\n    memory: \"2Gi\"\n    cpu: \"1\""
            ],
            "verify": false,
            "version": "7.17.3",
            "wait": true,
            "wait_for_jobs": false
          },
          "sensitive_attributes": [],
          "private": "eyJzY2hlbWFfdmVyc2lvbiI6IjEifQ=="
        }
      ]
    },
    {
      "mode": "managed",
      "type": "helm_release",
      "name": "kibana",
      "provider": "provider[\"registry.terraform.io/hashicorp/helm\"]",
      "instances": [
        {
          "status": "tainted",
          "schema_version": 1,
          "attributes": {
            "atomic": false,
            "chart": "kibana",
            "cleanup_on_fail": false,
            "create_namespace": false,
            "dependency_update": false,
            "description": null,
            "devel": null,
            "disable_crd_hooks": false,
            "disable_openapi_validation": false,
            "disable_webhooks": false,
            "force_update": false,
            "id": "kibana",
            "keyring": null,
            "lint": false,
            "manifest": null,
            "max_history": 0,
            "metadata": [
              {
                "app_version": "7.17.3",
                "chart": "kibana",
                "first_deployed": 1744906522,
                "last_deployed": 1744906522,
                "name": "kibana",
                "namespace": "default",
                "notes": "",
                "revision": 1,
                "values": "{\"affinity\":{},\"elasticsearchHosts\":\"http://elasticsearch-master:9200\",\"replicaCount\":1,\"resources\":{\"limits\":{\"cpu\":\"500m\",\"memory\":\"1Gi\"},\"requests\":{\"cpu\":\"250m\",\"memory\":\"512Mi\"}}}",
                "version": "7.17.3"
              }
            ],
            "name": "kibana",
            "namespace": "default",
            "pass_credentials": false,
            "postrender": [],
            "recreate_pods": false,
            "render_subchart_notes": true,
            "replace": false,
            "repository": "https://helm.elastic.co",
            "repository_ca_file": null,
            "repository_cert_file": null,
            "repository_key_file": null,
            "repository_password": null,
            "repository_username": null,
            "reset_values": false,
            "reuse_values": false,
            "set": [
              {
                "name": "elasticsearchHosts",
                "type": "",
                "value": "http://elasticsearch-master:9200"
              }
            ],
            "set_list": [],
            "set_sensitive": [],
            "skip_crds": false,
            "status": "failed",
            "timeout": 600,
            "upgrade_install": null,
            "values": [
              "replicaCount: 1\n\nelasticsearchHosts: \"http://elasticsearch-master:9200\"\n\nresources:\n  requests:\n    memory: \"512Mi\"\n    cpu: \"250m\"\n  limits:\n    memory: \"1Gi\"\n    cpu: \"500m\"\n\n# Remove affinity for Minikube compatibility\naffinity: {}"
            ],
            "verify": false,
            "version": "7.17.3",
            "wait": true,
            "wait_for_jobs": false
          },
          "sensitive_attributes": [],
          "private": "eyJzY2hlbWFfdmVyc2lvbiI6IjEifQ=="
        }
      ]
    },
    {
      "mode": "managed",
      "type": "helm_release",
      "name": "logstash",
      "provider": "provider[\"registry.terraform.io/hashicorp/helm\"]",
      "instances": [
        {
          "status": "tainted",
          "schema_version": 1,
          "attributes": {
            "atomic": false,
            "chart": "logstash",
            "cleanup_on_fail": false,
            "create_namespace": false,
            "dependency_update": false,
            "description": null,
            "devel": null,
            "disable_crd_hooks": false,
            "disable_openapi_validation": false,
            "disable_webhooks": false,
            "force_update": false,
            "id": "logstash",
            "keyring": null,
            "lint": false,
            "manifest": null,
            "max_history": 0,
            "metadata": [
              {
                "app_version": "7.17.3",
                "chart": "logstash",
                "first_deployed": 1744906521,
                "last_deployed": 1744906521,
                "name": "logstash",
                "namespace": "default",
                "notes": "1. Watch all cluster members come up.\n  $ kubectl get pods --namespace=default -l app=logstash-logstash -w\n",
                "revision": 1,
                "values": "{\" \\\"ISO8601\\\"]\\n  }\\n\\n  geoip {\\n    source \":\"\\u003e \\\"client_ip\\\"\\n    target =\\u003e \\\"geo\\\"\\n  }\\n}\\n\\noutput {\\n  elasticsearch {\\n    hosts =\\u003e [\\\"http://elasticsearch-master:9200\\\"]\\n    index =\\u003e \\\"app-logs-%{+YYYY.MM.dd}\\\"\\n  }\\n\\n  stdout { codec =\\u003e rubydebug }\\n}\\n\",\"affinity\":{},\"logstashPipeline\":{\"logstash.conf\":\"input {\\n  tcp {\\n    port =\\u003e 5044\\n    codec =\\u003e json_lines\\n  }\\n}\\n\\nfilter {\\n  if [message] =~ /error/ {\\n    mutate { add_tag =\\u003e [\\\"error\\\"] }\\n  }\\n\\n  date {\\n    match =\\u003e [\\\"timestamp\\\"\"},\"replicaCount\":1,\"resources\":{\"limits\":{\"cpu\":\"500m\",\"memory\":\"1Gi\"},\"requests\":{\"cpu\":\"250m\",\"memory\":\"512Mi\"}}}",
                "version": "7.17.3"
              }
            ],
            "name": "logstash",
            "namespace": "default",
            "pass_credentials": false,
            "postrender": [],
            "recreate_pods": false,
            "render_subchart_notes": true,
            "replace": false,
            "repository": "https://helm.elastic.co",
            "repository_ca_file": null,
            "repository_cert_file": null,
            "repository_key_file": null,
            "repository_password": null,
            "repository_username": null,
            "reset_values": false,
            "reuse_values": false,
            "set": [
              {
                "name": "logstashPipeline.logstash\\.conf",
                "type": "",
                "value": "input {\n  tcp {\n    port =\u003e 5044\n    codec =\u003e json_lines\n  }\n}\n\nfilter {\n  if [message] =~ /error/ {\n    mutate { add_tag =\u003e [\"error\"] }\n  }\n\n  date {\n    match =\u003e [\"timestamp\", \"ISO8601\"]\n  }\n\n  geoip {\n    source =\u003e \"client_ip\"\n    target =\u003e \"geo\"\n  }\n}\n\noutput {\n  elasticsearch {\n    hosts =\u003e [\"http://elasticsearch-master:9200\"]\n    index =\u003e \"app-logs-%{+YYYY.MM.dd}\"\n  }\n\n  stdout { codec =\u003e rubydebug }\n}\n"
              }
            ],
            "set_list": [],
            "set_sensitive": [],
            "skip_crds": false,
            "status": "failed",
            "timeout": 600,
            "upgrade_install": null,
            "values": [
              "replicaCount: 1\n\nresources:\n  requests:\n    memory: \"512Mi\"\n    cpu: \"250m\"\n  limits:\n    memory: \"1Gi\"\n    cpu: \"500m\"\n\naffinity: {}"
            ],
            "verify": false,
            "version": "7.17.3",
            "wait": true,
            "wait_for_jobs": false
          },
          "sensitive_attributes": [],
          "private": "eyJzY2hlbWFfdmVyc2lvbiI6IjEifQ=="
        }
      ]
    }
  ],
  "check_results": null
}
